{
  "requires": true,
  "lockfileVersion": 1,
  "dependencies": {
    "@types/xmldom": {
      "version": "0.1.31",
      "resolved": "https://registry.npmjs.org/@types/xmldom/-/xmldom-0.1.31.tgz",
      "integrity": "sha512-bVy7s0nvaR5D1mT1a8ZkByHWNOGb6Vn4yi5TWhEdmyKlAG+08SA7Md6+jH+tYmMLueAwNeWvHHpeKrr6S4c4BA==",
      "dev": true
    }
  }
}
